
Microsoft Visual Studio Solution File, Format Version 12.00
# Visual Studio Version 16
VisualStudioVersion = 16.0.30011.22
MinimumVisualStudioVersion = 10.0.40219.1
Project("{2150E333-8FDC-42A3-9474-1A3956D46DE8}") = "src", "src", "{1934ED69-4917-4968-A366-BF22C6C6A888}"
EndProject
Project("{2150E333-8FDC-42A3-9474-1A3956D46DE8}") = "Catalog", "Catalog", "{3B6C5CEB-50DA-4818-B26E-9E2CF19F45BC}"
EndProject
Project("{9A19103F-16F7-4668-BE54-9A1E7A4F7556}") = "Catalog.API", "src\Catalog\Catalog.API\Catalog.API.csproj", "{DB7EE559-FDA4-4E86-8154-39575F19B365}"
EndProject
Project("{2150E333-8FDC-42A3-9474-1A3956D46DE8}") = "Basket", "Basket", "{A25C7D7A-124C-46D8-AE39-649F76FBA0AA}"
EndProject
Project("{9A19103F-16F7-4668-BE54-9A1E7A4F7556}") = "Basket.API", "src\Basket\Basket.API\Basket.API.csproj", "{A6021172-D0C6-4D4F-A217-A28941B233A9}"
EndProject
Project("{E53339B2-1760-4266-BCC7-CA923CBCF16C}") = "docker-compose", "docker-compose.dcproj", "{43003735-2679-4767-972F-63A178EE7E75}"
EndProject
Project("{2150E333-8FDC-42A3-9474-1A3956D46DE8}") = "Common", "Common", "{54AD871C-CE22-4953-AC6C-853E19368E20}"
EndProject
Project("{FAE04EC0-301F-11D3-BF4B-00C04F79EFBC}") = "EventBusRabbitMQ", "src\Common\EventBusRabbitMQ\EventBusRabbitMQ.csproj", "{C07F24D8-3471-4951-9C73-447E2AFDBBC9}"
EndProject
Project("{2150E333-8FDC-42A3-9474-1A3956D46DE8}") = "Ordering", "Ordering", "{3EA39C30-A8F2-4619-BC39-E4F93888B568}"
EndProject
Project("{FAE04EC0-301F-11D3-BF4B-00C04F79EFBC}") = "Ordering.API", "src\Ordering\Ordering.API\Ordering.API.csproj", "{EA72A979-481C-4A5D-955B-F0C49BC6C939}"
EndProject
Global
	GlobalSection(SolutionConfigurationPlatforms) = preSolution
		Debug|Any CPU = Debug|Any CPU
		Release|Any CPU = Release|Any CPU
	EndGlobalSection
	GlobalSection(ProjectConfigurationPlatforms) = postSolution
		{DB7EE559-FDA4-4E86-8154-39575F19B365}.Debug|Any CPU.ActiveCfg = Debug|Any CPU
		{DB7EE559-FDA4-4E86-8154-39575F19B365}.Debug|Any CPU.Build.0 = Debug|Any CPU
		{DB7EE559-FDA4-4E86-8154-39575F19B365}.Release|Any CPU.ActiveCfg = Release|Any CPU
		{DB7EE559-FDA4-4E86-8154-39575F19B365}.Release|Any CPU.Build.0 = Release|Any CPU
		{A6021172-D0C6-4D4F-A217-A28941B233A9}.Debug|Any CPU.ActiveCfg = Debug|Any CPU
		{A6021172-D0C6-4D4F-A217-A28941B233A9}.Debug|Any CPU.Build.0 = Debug|Any CPU
		{A6021172-D0C6-4D4F-A217-A28941B233A9}.Release|Any CPU.ActiveCfg = Release|Any CPU
		{A6021172-D0C6-4D4F-A217-A28941B233A9}.Release|Any CPU.Build.0 = Release|Any CPU
		{43003735-2679-4767-972F-63A178EE7E75}.Debug|Any CPU.ActiveCfg = Debug|Any CPU
		{43003735-2679-4767-972F-63A178EE7E75}.Debug|Any CPU.Build.0 = Debug|Any CPU
		{43003735-2679-4767-972F-63A178EE7E75}.Release|Any CPU.ActiveCfg = Release|Any CPU
		{43003735-2679-4767-972F-63A178EE7E75}.Release|Any CPU.Build.0 = Release|Any CPU
		{C07F24D8-3471-4951-9C73-447E2AFDBBC9}.Debug|Any CPU.ActiveCfg = Debug|Any CPU
		{C07F24D8-3471-4951-9C73-447E2AFDBBC9}.Debug|Any CPU.Build.0 = Debug|Any CPU
		{C07F24D8-3471-4951-9C73-447E2AFDBBC9}.Release|Any CPU.ActiveCfg = Release|Any CPU
		{C07F24D8-3471-4951-9C73-447E2AFDBBC9}.Release|Any CPU.Build.0 = Release|Any CPU
		{EA72A979-481C-4A5D-955B-F0C49BC6C939}.Debug|Any CPU.ActiveCfg = Debug|Any CPU
		{EA72A979-481C-4A5D-955B-F0C49BC6C939}.Debug|Any CPU.Build.0 = Debug|Any CPU
		{EA72A979-481C-4A5D-955B-F0C49BC6C939}.Release|Any CPU.ActiveCfg = Release|Any CPU
		{EA72A979-481C-4A5D-955B-F0C49BC6C939}.Release|Any CPU.Build.0 = Release|Any CPU
	EndGlobalSection
	GlobalSection(SolutionProperties) = preSolution
		HideSolutionNode = FALSE
	EndGlobalSection
	GlobalSection(NestedProjects) = preSolution
		{3B6C5CEB-50DA-4818-B26E-9E2CF19F45BC} = {1934ED69-4917-4968-A366-BF22C6C6A888}
		{DB7EE559-FDA4-4E86-8154-39575F19B365} = {3B6C5CEB-50DA-4818-B26E-9E2CF19F45BC}
		{A25C7D7A-124C-46D8-AE39-649F76FBA0AA} = {1934ED69-4917-4968-A366-BF22C6C6A888}
		{A6021172-D0C6-4D4F-A217-A28941B233A9} = {A25C7D7A-124C-46D8-AE39-649F76FBA0AA}
		{54AD871C-CE22-4953-AC6C-853E19368E20} = {1934ED69-4917-4968-A366-BF22C6C6A888}
		{C07F24D8-3471-4951-9C73-447E2AFDBBC9} = {54AD871C-CE22-4953-AC6C-853E19368E20}
		{3EA39C30-A8F2-4619-BC39-E4F93888B568} = {1934ED69-4917-4968-A366-BF22C6C6A888}
		{EA72A979-481C-4A5D-955B-F0C49BC6C939} = {3EA39C30-A8F2-4619-BC39-E4F93888B568}
	EndGlobalSection
	GlobalSection(ExtensibilityGlobals) = postSolution
		SolutionGuid = {AC5A1555-CA4F-4591-811E-DB3BE9D98F57}
	EndGlobalSection
EndGlobal
